{
  "name": "bullshit-detector",
  "lockfileVersion": 2,
  "requires": true,
  "packages": {
    "": {
      "name": "bullshit-detector",
      "devDependencies": {
        "@types/chrome": "^0.0.225",
        "typescript": "^5.0.2"
      }
    },
    "node_modules/@types/chrome": {
      "version": "0.0.225",
      "resolved": "https://registry.npmjs.org/@types/chrome/-/chrome-0.0.225.tgz",
      "integrity": "sha512-acSFQN7X0/fjF6PSP0Ki9TlwWsEeJeh5WclMYilJSHHp+ayLDMD/YeSIUzsodwLKPZQ9h8SyiL13/pPab8M4RA==",
      "dev": true,
      "dependencies": {
        "@types/filesystem": "*",
        "@types/har-format": "*"
      }
    },
    "node_modules/@types/filesystem": {
      "version": "0.0.32",
      "resolved": "https://registry.npmjs.org/@types/filesystem/-/filesystem-0.0.32.tgz",
      "integrity": "sha512-Yuf4jR5YYMR2DVgwuCiP11s0xuVRyPKmz8vo6HBY3CGdeMj8af93CFZX+T82+VD1+UqHOxTq31lO7MI7lepBtQ==",
      "dev": true,
      "dependencies": {
        "@types/filewriter": "*"
      }
    },
    "node_modules/@types/filewriter": {
      "version": "0.0.29",
      "resolved": "https://registry.npmjs.org/@types/filewriter/-/filewriter-0.0.29.tgz",
      "integrity": "sha512-BsPXH/irW0ht0Ji6iw/jJaK8Lj3FJemon2gvEqHKpCdDCeemHa+rI3WBGq5z7cDMZgoLjY40oninGxqk+8NzNQ==",
      "dev": true
    },
    "node_modules/@types/har-format": {
      "version": "1.2.10",
      "resolved": "https://registry.npmjs.org/@types/har-format/-/har-format-1.2.10.tgz",
      "integrity": "sha512-o0J30wqycjF5miWDKYKKzzOU1ZTLuA42HZ4HE7/zqTOc/jTLdQ5NhYWvsRQo45Nfi1KHoRdNhteSI4BAxTF1Pg==",
      "dev": true
    },
    "node_modules/typescript": {
      "version": "5.0.2",
      "resolved": "https://registry.npmjs.org/typescript/-/typescript-5.0.2.tgz",
      "integrity": "sha512-wVORMBGO/FAs/++blGNeAVdbNKtIh1rbBL2EyQ1+J9lClJ93KiiKe8PmFIVdXhHcyv44SL9oglmfeSsndo0jRw==",
      "dev": true,
      "bin": {
        "tsc": "bin/tsc",
        "tsserver": "bin/tsserver"
      },
      "engines": {
        "node": ">=12.20"
      }
    }
  },
  "dependencies": {
    "@types/chrome": {
      "version": "0.0.225",
      "resolved": "https://registry.npmjs.org/@types/chrome/-/chrome-0.0.225.tgz",
      "integrity": "sha512-acSFQN7X0/fjF6PSP0Ki9TlwWsEeJeh5WclMYilJSHHp+ayLDMD/YeSIUzsodwLKPZQ9h8SyiL13/pPab8M4RA==",
      "dev": true,
      "requires": {
        "@types/filesystem": "*",
        "@types/har-format": "*"
      }
    },
    "@types/filesystem": {
      "version": "0.0.32",
      "resolved": "https://registry.npmjs.org/@types/filesystem/-/filesystem-0.0.32.tgz",
      "integrity": "sha512-Yuf4jR5YYMR2DVgwuCiP11s0xuVRyPKmz8vo6HBY3CGdeMj8af93CFZX+T82+VD1+UqHOxTq31lO7MI7lepBtQ==",
      "dev": true,
      "requires": {
        "@types/filewriter": "*"
      }
    },
    "@types/filewriter": {
      "version": "0.0.29",
      "resolved": "https://registry.npmjs.org/@types/filewriter/-/filewriter-0.0.29.tgz",
      "integrity": "sha512-BsPXH/irW0ht0Ji6iw/jJaK8Lj3FJemon2gvEqHKpCdDCeemHa+rI3WBGq5z7cDMZgoLjY40oninGxqk+8NzNQ==",
      "dev": true
    },
    "@types/har-format": {
      "version": "1.2.10",
      "resolved": "https://registry.npmjs.org/@types/har-format/-/har-format-1.2.10.tgz",
      "integrity": "sha512-o0J30wqycjF5miWDKYKKzzOU1ZTLuA42HZ4HE7/zqTOc/jTLdQ5NhYWvsRQo45Nfi1KHoRdNhteSI4BAxTF1Pg==",
      "dev": true
    },
    "typescript": {
      "version": "5.0.2",
      "resolved": "https://registry.npmjs.org/typescript/-/typescript-5.0.2.tgz",
      "integrity": "sha512-wVORMBGO/FAs/++blGNeAVdbNKtIh1rbBL2EyQ1+J9lClJ93KiiKe8PmFIVdXhHcyv44SL9oglmfeSsndo0jRw==",
      "dev": true
    }
  }
}
